{
  "version": 4,
  "terraform_version": "1.6.2",
  "serial": 35,
  "lineage": "a7694a60-e9b4-6d7e-3370-cbd093531a28",
  "outputs": {},
  "resources": [
    {
      "mode": "managed",
      "type": "github_repository",
      "name": "New_git_Repo",
      "provider": "provider[\"registry.terraform.io/hashicorp/github\"]",
      "instances": [
        {
          "schema_version": 1,
          "attributes": {
            "allow_auto_merge": false,
            "allow_merge_commit": true,
            "allow_rebase_merge": true,
            "allow_squash_merge": true,
            "allow_update_branch": false,
            "archive_on_destroy": null,
            "archived": false,
            "auto_init": true,
            "default_branch": "main",
            "delete_branch_on_merge": false,
            "description": "this is first teraform repo by ckm",
            "etag": "W/\"25c85aa63b14f4fd807cbca5d940780da08a8d210061904deec7d500d9f2d3e6\"",
            "full_name": "321ckmdevops/Teraform_repo_first_By_CKM",
            "git_clone_url": "git://github.com/321ckmdevops/Teraform_repo_first_By_CKM.git",
            "gitignore_template": null,
            "has_discussions": false,
            "has_downloads": false,
            "has_issues": false,
            "has_projects": false,
            "has_wiki": false,
            "homepage_url": "",
            "html_url": "https://github.com/321ckmdevops/Teraform_repo_first_By_CKM",
            "http_clone_url": "https://github.com/321ckmdevops/Teraform_repo_first_By_CKM.git",
            "id": "Teraform_repo_first_By_CKM",
            "ignore_vulnerability_alerts_during_read": null,
            "is_template": false,
            "license_template": null,
            "merge_commit_message": "PR_TITLE",
            "merge_commit_title": "MERGE_MESSAGE",
            "name": "Teraform_repo_first_By_CKM",
            "node_id": "R_kgDOKx5nQw",
            "pages": [],
            "primary_language": "",
            "private": false,
            "repo_id": 723412803,
            "security_and_analysis": [
              {
                "advanced_security": [],
                "secret_scanning": [
                  {
                    "status": "disabled"
                  }
                ],
                "secret_scanning_push_protection": [
                  {
                    "status": "disabled"
                  }
                ]
              }
            ],
            "squash_merge_commit_message": "COMMIT_MESSAGES",
            "squash_merge_commit_title": "COMMIT_OR_PR_TITLE",
            "ssh_clone_url": "git@github.com:321ckmdevops/Teraform_repo_first_By_CKM.git",
            "svn_url": "https://github.com/321ckmdevops/Teraform_repo_first_By_CKM",
            "template": [],
            "topics": [],
            "visibility": "public",
            "vulnerability_alerts": false
          },
          "sensitive_attributes": [],
          "private": "eyJzY2hlbWFfdmVyc2lvbiI6IjEifQ=="
        }
      ]
    }
  ],
  "check_results": null
}
